
Microsoft Visual Studio Solution File, Format Version 12.00
# Visual Studio 15
VisualStudioVersion = 15.0.28307.902
MinimumVisualStudioVersion = 10.0.40219.1
Project("{FAE04EC0-301F-11D3-BF4B-00C04F79EFBC}") = "Opdracht3.Android", "Opdracht3\Opdracht3.Android\Opdracht3.Android.csproj", "{BAA468D3-60F8-4EE3-AEF3-751E04EA61C5}"
EndProject
Project("{FAE04EC0-301F-11D3-BF4B-00C04F79EFBC}") = "Opdracht3.UWP", "Opdracht3\Opdracht3.UWP\Opdracht3.UWP.csproj", "{B8BBA67B-05E8-4A44-8650-6E6FC5691F7D}"
EndProject
Project("{FAE04EC0-301F-11D3-BF4B-00C04F79EFBC}") = "Opdracht3", "Opdracht3\Opdracht3\Opdracht3.csproj", "{18CE7142-9C96-446C-8AAE-E7C391D07A01}"
EndProject
Project("{FAE04EC0-301F-11D3-BF4B-00C04F79EFBC}") = "Tests", "..\Tests\Tests.csproj", "{28FB691E-F7B1-43A0-BC33-8C55BF30D911}"
EndProject
Global
	GlobalSection(SolutionConfigurationPlatforms) = preSolution
		Debug|Any CPU = Debug|Any CPU
		Debug|ARM = Debug|ARM
		Debug|x64 = Debug|x64
		Debug|x86 = Debug|x86
		Release|Any CPU = Release|Any CPU
		Release|ARM = Release|ARM
		Release|x64 = Release|x64
		Release|x86 = Release|x86
	EndGlobalSection
	GlobalSection(ProjectConfigurationPlatforms) = postSolution
		{BAA468D3-60F8-4EE3-AEF3-751E04EA61C5}.Debug|Any CPU.ActiveCfg = Debug|Any CPU
		{BAA468D3-60F8-4EE3-AEF3-751E04EA61C5}.Debug|Any CPU.Build.0 = Debug|Any CPU
		{BAA468D3-60F8-4EE3-AEF3-751E04EA61C5}.Debug|Any CPU.Deploy.0 = Debug|Any CPU
		{BAA468D3-60F8-4EE3-AEF3-751E04EA61C5}.Debug|ARM.ActiveCfg = Debug|Any CPU
		{BAA468D3-60F8-4EE3-AEF3-751E04EA61C5}.Debug|ARM.Build.0 = Debug|Any CPU
		{BAA468D3-60F8-4EE3-AEF3-751E04EA61C5}.Debug|ARM.Deploy.0 = Debug|Any CPU
		{BAA468D3-60F8-4EE3-AEF3-751E04EA61C5}.Debug|x64.ActiveCfg = Debug|Any CPU
		{BAA468D3-60F8-4EE3-AEF3-751E04EA61C5}.Debug|x64.Build.0 = Debug|Any CPU
		{BAA468D3-60F8-4EE3-AEF3-751E04EA61C5}.Debug|x64.Deploy.0 = Debug|Any CPU
		{BAA468D3-60F8-4EE3-AEF3-751E04EA61C5}.Debug|x86.ActiveCfg = Debug|Any CPU
		{BAA468D3-60F8-4EE3-AEF3-751E04EA61C5}.Debug|x86.Build.0 = Debug|Any CPU
		{BAA468D3-60F8-4EE3-AEF3-751E04EA61C5}.Debug|x86.Deploy.0 = Debug|Any CPU
		{BAA468D3-60F8-4EE3-AEF3-751E04EA61C5}.Release|Any CPU.ActiveCfg = Release|Any CPU
		{BAA468D3-60F8-4EE3-AEF3-751E04EA61C5}.Release|Any CPU.Build.0 = Release|Any CPU
		{BAA468D3-60F8-4EE3-AEF3-751E04EA61C5}.Release|Any CPU.Deploy.0 = Release|Any CPU
		{BAA468D3-60F8-4EE3-AEF3-751E04EA61C5}.Release|ARM.ActiveCfg = Release|Any CPU
		{BAA468D3-60F8-4EE3-AEF3-751E04EA61C5}.Release|ARM.Build.0 = Release|Any CPU
		{BAA468D3-60F8-4EE3-AEF3-751E04EA61C5}.Release|ARM.Deploy.0 = Release|Any CPU
		{BAA468D3-60F8-4EE3-AEF3-751E04EA61C5}.Release|x64.ActiveCfg = Release|Any CPU
		{BAA468D3-60F8-4EE3-AEF3-751E04EA61C5}.Release|x64.Build.0 = Release|Any CPU
		{BAA468D3-60F8-4EE3-AEF3-751E04EA61C5}.Release|x64.Deploy.0 = Release|Any CPU
		{BAA468D3-60F8-4EE3-AEF3-751E04EA61C5}.Release|x86.ActiveCfg = Release|Any CPU
		{BAA468D3-60F8-4EE3-AEF3-751E04EA61C5}.Release|x86.Build.0 = Release|Any CPU
		{BAA468D3-60F8-4EE3-AEF3-751E04EA61C5}.Release|x86.Deploy.0 = Release|Any CPU
		{B8BBA67B-05E8-4A44-8650-6E6FC5691F7D}.Debug|Any CPU.ActiveCfg = Debug|x86
		{B8BBA67B-05E8-4A44-8650-6E6FC5691F7D}.Debug|Any CPU.Build.0 = Debug|x86
		{B8BBA67B-05E8-4A44-8650-6E6FC5691F7D}.Debug|Any CPU.Deploy.0 = Debug|x86
		{B8BBA67B-05E8-4A44-8650-6E6FC5691F7D}.Debug|ARM.ActiveCfg = Debug|ARM
		{B8BBA67B-05E8-4A44-8650-6E6FC5691F7D}.Debug|ARM.Build.0 = Debug|ARM
		{B8BBA67B-05E8-4A44-8650-6E6FC5691F7D}.Debug|ARM.Deploy.0 = Debug|ARM
		{B8BBA67B-05E8-4A44-8650-6E6FC5691F7D}.Debug|x64.ActiveCfg = Debug|x64
		{B8BBA67B-05E8-4A44-8650-6E6FC5691F7D}.Debug|x64.Build.0 = Debug|x64
		{B8BBA67B-05E8-4A44-8650-6E6FC5691F7D}.Debug|x64.Deploy.0 = Debug|x64
		{B8BBA67B-05E8-4A44-8650-6E6FC5691F7D}.Debug|x86.ActiveCfg = Debug|x86
		{B8BBA67B-05E8-4A44-8650-6E6FC5691F7D}.Debug|x86.Build.0 = Debug|x86
		{B8BBA67B-05E8-4A44-8650-6E6FC5691F7D}.Debug|x86.Deploy.0 = Debug|x86
		{B8BBA67B-05E8-4A44-8650-6E6FC5691F7D}.Release|Any CPU.ActiveCfg = Release|x86
		{B8BBA67B-05E8-4A44-8650-6E6FC5691F7D}.Release|Any CPU.Build.0 = Release|x86
		{B8BBA67B-05E8-4A44-8650-6E6FC5691F7D}.Release|Any CPU.Deploy.0 = Release|x86
		{B8BBA67B-05E8-4A44-8650-6E6FC5691F7D}.Release|ARM.ActiveCfg = Release|ARM
		{B8BBA67B-05E8-4A44-8650-6E6FC5691F7D}.Release|ARM.Build.0 = Release|ARM
		{B8BBA67B-05E8-4A44-8650-6E6FC5691F7D}.Release|ARM.Deploy.0 = Release|ARM
		{B8BBA67B-05E8-4A44-8650-6E6FC5691F7D}.Release|x64.ActiveCfg = Release|x64
		{B8BBA67B-05E8-4A44-8650-6E6FC5691F7D}.Release|x64.Build.0 = Release|x64
		{B8BBA67B-05E8-4A44-8650-6E6FC5691F7D}.Release|x64.Deploy.0 = Release|x64
		{B8BBA67B-05E8-4A44-8650-6E6FC5691F7D}.Release|x86.ActiveCfg = Release|x86
		{B8BBA67B-05E8-4A44-8650-6E6FC5691F7D}.Release|x86.Build.0 = Release|x86
		{B8BBA67B-05E8-4A44-8650-6E6FC5691F7D}.Release|x86.Deploy.0 = Release|x86
		{18CE7142-9C96-446C-8AAE-E7C391D07A01}.Debug|Any CPU.ActiveCfg = Debug|Any CPU
		{18CE7142-9C96-446C-8AAE-E7C391D07A01}.Debug|Any CPU.Build.0 = Debug|Any CPU
		{18CE7142-9C96-446C-8AAE-E7C391D07A01}.Debug|Any CPU.Deploy.0 = Debug|Any CPU
		{18CE7142-9C96-446C-8AAE-E7C391D07A01}.Debug|ARM.ActiveCfg = Debug|Any CPU
		{18CE7142-9C96-446C-8AAE-E7C391D07A01}.Debug|ARM.Build.0 = Debug|Any CPU
		{18CE7142-9C96-446C-8AAE-E7C391D07A01}.Debug|ARM.Deploy.0 = Debug|Any CPU
		{18CE7142-9C96-446C-8AAE-E7C391D07A01}.Debug|x64.ActiveCfg = Debug|Any CPU
		{18CE7142-9C96-446C-8AAE-E7C391D07A01}.Debug|x64.Build.0 = Debug|Any CPU
		{18CE7142-9C96-446C-8AAE-E7C391D07A01}.Debug|x64.Deploy.0 = Debug|Any CPU
		{18CE7142-9C96-446C-8AAE-E7C391D07A01}.Debug|x86.ActiveCfg = Debug|Any CPU
		{18CE7142-9C96-446C-8AAE-E7C391D07A01}.Debug|x86.Build.0 = Debug|Any CPU
		{18CE7142-9C96-446C-8AAE-E7C391D07A01}.Debug|x86.Deploy.0 = Debug|Any CPU
		{18CE7142-9C96-446C-8AAE-E7C391D07A01}.Release|Any CPU.ActiveCfg = Release|Any CPU
		{18CE7142-9C96-446C-8AAE-E7C391D07A01}.Release|Any CPU.Build.0 = Release|Any CPU
		{18CE7142-9C96-446C-8AAE-E7C391D07A01}.Release|Any CPU.Deploy.0 = Release|Any CPU
		{18CE7142-9C96-446C-8AAE-E7C391D07A01}.Release|ARM.ActiveCfg = Release|Any CPU
		{18CE7142-9C96-446C-8AAE-E7C391D07A01}.Release|ARM.Build.0 = Release|Any CPU
		{18CE7142-9C96-446C-8AAE-E7C391D07A01}.Release|ARM.Deploy.0 = Release|Any CPU
		{18CE7142-9C96-446C-8AAE-E7C391D07A01}.Release|x64.ActiveCfg = Release|Any CPU
		{18CE7142-9C96-446C-8AAE-E7C391D07A01}.Release|x64.Build.0 = Release|Any CPU
		{18CE7142-9C96-446C-8AAE-E7C391D07A01}.Release|x64.Deploy.0 = Release|Any CPU
		{18CE7142-9C96-446C-8AAE-E7C391D07A01}.Release|x86.ActiveCfg = Release|Any CPU
		{18CE7142-9C96-446C-8AAE-E7C391D07A01}.Release|x86.Build.0 = Release|Any CPU
		{18CE7142-9C96-446C-8AAE-E7C391D07A01}.Release|x86.Deploy.0 = Release|Any CPU
		{28FB691E-F7B1-43A0-BC33-8C55BF30D911}.Debug|Any CPU.ActiveCfg = Debug|Any CPU
		{28FB691E-F7B1-43A0-BC33-8C55BF30D911}.Debug|Any CPU.Build.0 = Debug|Any CPU
		{28FB691E-F7B1-43A0-BC33-8C55BF30D911}.Debug|ARM.ActiveCfg = Debug|Any CPU
		{28FB691E-F7B1-43A0-BC33-8C55BF30D911}.Debug|ARM.Build.0 = Debug|Any CPU
		{28FB691E-F7B1-43A0-BC33-8C55BF30D911}.Debug|x64.ActiveCfg = Debug|Any CPU
		{28FB691E-F7B1-43A0-BC33-8C55BF30D911}.Debug|x64.Build.0 = Debug|Any CPU
		{28FB691E-F7B1-43A0-BC33-8C55BF30D911}.Debug|x86.ActiveCfg = Debug|Any CPU
		{28FB691E-F7B1-43A0-BC33-8C55BF30D911}.Debug|x86.Build.0 = Debug|Any CPU
		{28FB691E-F7B1-43A0-BC33-8C55BF30D911}.Release|Any CPU.ActiveCfg = Release|Any CPU
		{28FB691E-F7B1-43A0-BC33-8C55BF30D911}.Release|Any CPU.Build.0 = Release|Any CPU
		{28FB691E-F7B1-43A0-BC33-8C55BF30D911}.Release|ARM.ActiveCfg = Release|Any CPU
		{28FB691E-F7B1-43A0-BC33-8C55BF30D911}.Release|ARM.Build.0 = Release|Any CPU
		{28FB691E-F7B1-43A0-BC33-8C55BF30D911}.Release|x64.ActiveCfg = Release|Any CPU
		{28FB691E-F7B1-43A0-BC33-8C55BF30D911}.Release|x64.Build.0 = Release|Any CPU
		{28FB691E-F7B1-43A0-BC33-8C55BF30D911}.Release|x86.ActiveCfg = Release|Any CPU
		{28FB691E-F7B1-43A0-BC33-8C55BF30D911}.Release|x86.Build.0 = Release|Any CPU
	EndGlobalSection
	GlobalSection(SolutionProperties) = preSolution
		HideSolutionNode = FALSE
	EndGlobalSection
	GlobalSection(ExtensibilityGlobals) = postSolution
		SolutionGuid = {E9033838-9226-4390-BCC2-3F6EC60E2197}
	EndGlobalSection
EndGlobal
